
Microsoft Visual Studio Solution File, Format Version 12.00
# Visual Studio Version 17
VisualStudioVersion = 17.11.35222.181
MinimumVisualStudioVersion = 10.0.40219.1
Project("{FAE04EC0-301F-11D3-BF4B-00C04F79EFBC}") = "Proyecto1", "Proyecto1\Proyecto1.csproj", "{A0CBA346-8C5A-4D21-8931-A8E11ECB4A7B}"
EndProject
Global
	GlobalSection(SolutionConfigurationPlatforms) = preSolution
		Debug|Any CPU = Debug|Any CPU
		Release|Any CPU = Release|Any CPU
	EndGlobalSection
	GlobalSection(ProjectConfigurationPlatforms) = postSolution
		{A0CBA346-8C5A-4D21-8931-A8E11ECB4A7B}.Debug|Any CPU.ActiveCfg = Debug|Any CPU
		{A0CBA346-8C5A-4D21-8931-A8E11ECB4A7B}.Debug|Any CPU.Build.0 = Debug|Any CPU
		{A0CBA346-8C5A-4D21-8931-A8E11ECB4A7B}.Release|Any CPU.ActiveCfg = Release|Any CPU
		{A0CBA346-8C5A-4D21-8931-A8E11ECB4A7B}.Release|Any CPU.Build.0 = Release|Any CPU
	EndGlobalSection
	GlobalSection(SolutionProperties) = preSolution
		HideSolutionNode = FALSE
	EndGlobalSection
	GlobalSection(ExtensibilityGlobals) = postSolution
		SolutionGuid = {0A27B6BE-B5E8-4D4E-B75B-9BEFCF6BD615}
	EndGlobalSection
EndGlobal
